
Microsoft Visual Studio Solution File, Format Version 12.00
# Visual Studio Version 16
VisualStudioVersion = 16.0.31205.134
MinimumVisualStudioVersion = 10.0.40219.1
Project("{FAE04EC0-301F-11D3-BF4B-00C04F79EFBC}") = "SensorProcess", "SensorProcess\SensorProcess.csproj", "{0BDDA2F8-BCF2-4186-95D2-0DF0ED64861A}"
EndProject
Global
	GlobalSection(SolutionConfigurationPlatforms) = preSolution
		Debug|Any CPU = Debug|Any CPU
		Release|Any CPU = Release|Any CPU
	EndGlobalSection
	GlobalSection(ProjectConfigurationPlatforms) = postSolution
		{0BDDA2F8-BCF2-4186-95D2-0DF0ED64861A}.Debug|Any CPU.ActiveCfg = Debug|Any CPU
		{0BDDA2F8-BCF2-4186-95D2-0DF0ED64861A}.Debug|Any CPU.Build.0 = Debug|Any CPU
		{0BDDA2F8-BCF2-4186-95D2-0DF0ED64861A}.Release|Any CPU.ActiveCfg = Release|Any CPU
		{0BDDA2F8-BCF2-4186-95D2-0DF0ED64861A}.Release|Any CPU.Build.0 = Release|Any CPU
	EndGlobalSection
	GlobalSection(SolutionProperties) = preSolution
		HideSolutionNode = FALSE
	EndGlobalSection
	GlobalSection(ExtensibilityGlobals) = postSolution
		SolutionGuid = {698E4C15-2218-4670-BA0D-744CEE13964C}
	EndGlobalSection
EndGlobal
